
Microsoft Visual Studio Solution File, Format Version 12.00
# Visual Studio Version 16
VisualStudioVersion = 16.0.31515.178
MinimumVisualStudioVersion = 10.0.40219.1
Project("{FAE04EC0-301F-11D3-BF4B-00C04F79EFBC}") = "BackEnd1", "BackEnd1\BackEnd1.csproj", "{303E4E76-96C6-432F-B0D7-E7056A44716D}"
EndProject
Global
	GlobalSection(SolutionConfigurationPlatforms) = preSolution
		Debug|Any CPU = Debug|Any CPU
		Release|Any CPU = Release|Any CPU
	EndGlobalSection
	GlobalSection(ProjectConfigurationPlatforms) = postSolution
		{303E4E76-96C6-432F-B0D7-E7056A44716D}.Debug|Any CPU.ActiveCfg = Debug|Any CPU
		{303E4E76-96C6-432F-B0D7-E7056A44716D}.Debug|Any CPU.Build.0 = Debug|Any CPU
		{303E4E76-96C6-432F-B0D7-E7056A44716D}.Release|Any CPU.ActiveCfg = Release|Any CPU
		{303E4E76-96C6-432F-B0D7-E7056A44716D}.Release|Any CPU.Build.0 = Release|Any CPU
	EndGlobalSection
	GlobalSection(SolutionProperties) = preSolution
		HideSolutionNode = FALSE
	EndGlobalSection
	GlobalSection(ExtensibilityGlobals) = postSolution
		SolutionGuid = {D6E0F968-4ADE-4B71-ABCE-436E5A76FB41}
	EndGlobalSection
EndGlobal
